
Microsoft Visual Studio Solution File, Format Version 12.00
# Visual Studio Version 16
VisualStudioVersion = 16.0.29911.84
MinimumVisualStudioVersion = 10.0.40219.1
Project("{FAE04EC0-301F-11D3-BF4B-00C04F79EFBC}") = "LoanInterestCalculator", "LoanInterestCalculator\LoanInterestCalculator.csproj", "{FB983221-F4F8-40C6-BFA9-2065B9BC9764}"
EndProject
Project("{FAE04EC0-301F-11D3-BF4B-00C04F79EFBC}") = "ConsoleApplication1", "ConsoleApplication1\ConsoleApplication1.csproj", "{84E1E9F1-E9B9-4651-B9D0-8AC0BB177402}"
EndProject
Project("{FAE04EC0-301F-11D3-BF4B-00C04F79EFBC}") = "LoanInterestCalculatorTest", "LoanInterestCalculatorTest\LoanInterestCalculatorTest.csproj", "{C50AE207-49C9-4B5E-A790-0897BC68C82C}"
EndProject
Project("{FAE04EC0-301F-11D3-BF4B-00C04F79EFBC}") = "CalculatorFrontEnd", "CalculatorFrontEnd\CalculatorFrontEnd.csproj", "{FEF84EF6-D678-488D-AD98-F1FD7B0D5D18}"
EndProject
Global
	GlobalSection(SolutionConfigurationPlatforms) = preSolution
		Debug|Any CPU = Debug|Any CPU
		Release|Any CPU = Release|Any CPU
	EndGlobalSection
	GlobalSection(ProjectConfigurationPlatforms) = postSolution
		{FB983221-F4F8-40C6-BFA9-2065B9BC9764}.Debug|Any CPU.ActiveCfg = Debug|Any CPU
		{FB983221-F4F8-40C6-BFA9-2065B9BC9764}.Debug|Any CPU.Build.0 = Debug|Any CPU
		{FB983221-F4F8-40C6-BFA9-2065B9BC9764}.Release|Any CPU.ActiveCfg = Release|Any CPU
		{FB983221-F4F8-40C6-BFA9-2065B9BC9764}.Release|Any CPU.Build.0 = Release|Any CPU
		{84E1E9F1-E9B9-4651-B9D0-8AC0BB177402}.Debug|Any CPU.ActiveCfg = Debug|Any CPU
		{84E1E9F1-E9B9-4651-B9D0-8AC0BB177402}.Debug|Any CPU.Build.0 = Debug|Any CPU
		{84E1E9F1-E9B9-4651-B9D0-8AC0BB177402}.Release|Any CPU.ActiveCfg = Release|Any CPU
		{84E1E9F1-E9B9-4651-B9D0-8AC0BB177402}.Release|Any CPU.Build.0 = Release|Any CPU
		{C50AE207-49C9-4B5E-A790-0897BC68C82C}.Debug|Any CPU.ActiveCfg = Debug|Any CPU
		{C50AE207-49C9-4B5E-A790-0897BC68C82C}.Debug|Any CPU.Build.0 = Debug|Any CPU
		{C50AE207-49C9-4B5E-A790-0897BC68C82C}.Release|Any CPU.ActiveCfg = Release|Any CPU
		{C50AE207-49C9-4B5E-A790-0897BC68C82C}.Release|Any CPU.Build.0 = Release|Any CPU
		{FEF84EF6-D678-488D-AD98-F1FD7B0D5D18}.Debug|Any CPU.ActiveCfg = Debug|Any CPU
		{FEF84EF6-D678-488D-AD98-F1FD7B0D5D18}.Debug|Any CPU.Build.0 = Debug|Any CPU
		{FEF84EF6-D678-488D-AD98-F1FD7B0D5D18}.Release|Any CPU.ActiveCfg = Release|Any CPU
		{FEF84EF6-D678-488D-AD98-F1FD7B0D5D18}.Release|Any CPU.Build.0 = Release|Any CPU
	EndGlobalSection
	GlobalSection(SolutionProperties) = preSolution
		HideSolutionNode = FALSE
	EndGlobalSection
	GlobalSection(ExtensibilityGlobals) = postSolution
		SolutionGuid = {77F01692-8D19-4036-A148-D9DA48046620}
	EndGlobalSection
EndGlobal
